
Microsoft Visual Studio Solution File, Format Version 12.00
# Visual Studio Version 17
VisualStudioVersion = 17.0.31919.166
MinimumVisualStudioVersion = 10.0.40219.1
Project("{FAE04EC0-301F-11D3-BF4B-00C04F79EFBC}") = "Catalog", "Catalog\Catalog.csproj", "{433F2ECA-D95C-4F7F-8716-073B19E3C49D}"
EndProject
Global
	GlobalSection(SolutionConfigurationPlatforms) = preSolution
		Debug|Any CPU = Debug|Any CPU
		Release|Any CPU = Release|Any CPU
	EndGlobalSection
	GlobalSection(ProjectConfigurationPlatforms) = postSolution
		{433F2ECA-D95C-4F7F-8716-073B19E3C49D}.Debug|Any CPU.ActiveCfg = Debug|Any CPU
		{433F2ECA-D95C-4F7F-8716-073B19E3C49D}.Debug|Any CPU.Build.0 = Debug|Any CPU
		{433F2ECA-D95C-4F7F-8716-073B19E3C49D}.Release|Any CPU.ActiveCfg = Release|Any CPU
		{433F2ECA-D95C-4F7F-8716-073B19E3C49D}.Release|Any CPU.Build.0 = Release|Any CPU
	EndGlobalSection
	GlobalSection(SolutionProperties) = preSolution
		HideSolutionNode = FALSE
	EndGlobalSection
	GlobalSection(ExtensibilityGlobals) = postSolution
		SolutionGuid = {E3DF2A80-BC08-40C4-9E34-745B423D5343}
	EndGlobalSection
EndGlobal
